
Microsoft Visual Studio Solution File, Format Version 12.00
# Visual Studio Version 17
VisualStudioVersion = 17.0.31903.59
MinimumVisualStudioVersion = 10.0.40219.1
Project("{2150E333-8FDC-42A3-9474-1A3956D46DE8}") = "src", "src", "{44F6A1D1-9BFA-4BB7-A500-125495E46954}"
EndProject
Project("{FAE04EC0-301F-11D3-BF4B-00C04F79EFBC}") = "TBHStats.Core", "src\TBHStats.Core\TBHStats.Core.csproj", "{C9D72630-E4E6-47C5-AD7A-963D29D68F02}"
EndProject
Project("{FAE04EC0-301F-11D3-BF4B-00C04F79EFBC}") = "TBHStats.Data", "src\TBHStats.Data\TBHStats.Data.csproj", "{249D83CA-A4AE-4505-A452-EB88A107F203}"
EndProject
Project("{FAE04EC0-301F-11D3-BF4B-00C04F79EFBC}") = "TBHStats.Capture", "src\TBHStats.Capture\TBHStats.Capture.csproj", "{B697E19A-1419-4F90-899E-E73F23F58DE4}"
EndProject
Project("{FAE04EC0-301F-11D3-BF4B-00C04F79EFBC}") = "TBHStats.App", "src\TBHStats.App\TBHStats.App.csproj", "{32A2FAC6-83EC-428E-8C88-9DE733769DB4}"
EndProject
Project("{2150E333-8FDC-42A3-9474-1A3956D46DE8}") = "tests", "tests", "{287E72FB-F15D-4E49-AF00-A6A70B1ACFEE}"
EndProject
Project("{FAE04EC0-301F-11D3-BF4B-00C04F79EFBC}") = "TBHStats.Core.Tests", "tests\TBHStats.Core.Tests\TBHStats.Core.Tests.csproj", "{AE8C74B5-4421-4C97-84B5-CAC76328197B}"
EndProject
Project("{FAE04EC0-301F-11D3-BF4B-00C04F79EFBC}") = "TBHStats.Data.Tests", "tests\TBHStats.Data.Tests\TBHStats.Data.Tests.csproj", "{BDE8ADE9-1873-4B3C-B982-4FE905ED5713}"
EndProject
Project("{FAE04EC0-301F-11D3-BF4B-00C04F79EFBC}") = "TBHStats.Capture.Tests", "tests\TBHStats.Capture.Tests\TBHStats.Capture.Tests.csproj", "{2C13224E-12EE-471E-A94B-3953AF76229A}"
EndProject
Global
	GlobalSection(SolutionConfigurationPlatforms) = preSolution
		Debug|Any CPU = Debug|Any CPU
		Release|Any CPU = Release|Any CPU
	EndGlobalSection
	GlobalSection(SolutionProperties) = preSolution
		HideSolutionNode = FALSE
	EndGlobalSection
	GlobalSection(ProjectConfigurationPlatforms) = postSolution
		{C9D72630-E4E6-47C5-AD7A-963D29D68F02}.Debug|Any CPU.ActiveCfg = Debug|Any CPU
		{C9D72630-E4E6-47C5-AD7A-963D29D68F02}.Debug|Any CPU.Build.0 = Debug|Any CPU
		{C9D72630-E4E6-47C5-AD7A-963D29D68F02}.Release|Any CPU.ActiveCfg = Release|Any CPU
		{C9D72630-E4E6-47C5-AD7A-963D29D68F02}.Release|Any CPU.Build.0 = Release|Any CPU
		{249D83CA-A4AE-4505-A452-EB88A107F203}.Debug|Any CPU.ActiveCfg = Debug|Any CPU
		{249D83CA-A4AE-4505-A452-EB88A107F203}.Debug|Any CPU.Build.0 = Debug|Any CPU
		{249D83CA-A4AE-4505-A452-EB88A107F203}.Release|Any CPU.ActiveCfg = Release|Any CPU
		{249D83CA-A4AE-4505-A452-EB88A107F203}.Release|Any CPU.Build.0 = Release|Any CPU
		{B697E19A-1419-4F90-899E-E73F23F58DE4}.Debug|Any CPU.ActiveCfg = Debug|Any CPU
		{B697E19A-1419-4F90-899E-E73F23F58DE4}.Debug|Any CPU.Build.0 = Debug|Any CPU
		{B697E19A-1419-4F90-899E-E73F23F58DE4}.Release|Any CPU.ActiveCfg = Release|Any CPU
		{B697E19A-1419-4F90-899E-E73F23F58DE4}.Release|Any CPU.Build.0 = Release|Any CPU
		{32A2FAC6-83EC-428E-8C88-9DE733769DB4}.Debug|Any CPU.ActiveCfg = Debug|x86
		{32A2FAC6-83EC-428E-8C88-9DE733769DB4}.Debug|Any CPU.Build.0 = Debug|x86
		{32A2FAC6-83EC-428E-8C88-9DE733769DB4}.Release|Any CPU.ActiveCfg = Release|x86
		{32A2FAC6-83EC-428E-8C88-9DE733769DB4}.Release|Any CPU.Build.0 = Release|x86
		{AE8C74B5-4421-4C97-84B5-CAC76328197B}.Debug|Any CPU.ActiveCfg = Debug|Any CPU
		{AE8C74B5-4421-4C97-84B5-CAC76328197B}.Debug|Any CPU.Build.0 = Debug|Any CPU
		{AE8C74B5-4421-4C97-84B5-CAC76328197B}.Release|Any CPU.ActiveCfg = Release|Any CPU
		{AE8C74B5-4421-4C97-84B5-CAC76328197B}.Release|Any CPU.Build.0 = Release|Any CPU
		{BDE8ADE9-1873-4B3C-B982-4FE905ED5713}.Debug|Any CPU.ActiveCfg = Debug|Any CPU
		{BDE8ADE9-1873-4B3C-B982-4FE905ED5713}.Debug|Any CPU.Build.0 = Debug|Any CPU
		{BDE8ADE9-1873-4B3C-B982-4FE905ED5713}.Release|Any CPU.ActiveCfg = Release|Any CPU
		{BDE8ADE9-1873-4B3C-B982-4FE905ED5713}.Release|Any CPU.Build.0 = Release|Any CPU
		{2C13224E-12EE-471E-A94B-3953AF76229A}.Debug|Any CPU.ActiveCfg = Debug|Any CPU
		{2C13224E-12EE-471E-A94B-3953AF76229A}.Debug|Any CPU.Build.0 = Debug|Any CPU
		{2C13224E-12EE-471E-A94B-3953AF76229A}.Release|Any CPU.ActiveCfg = Release|Any CPU
		{2C13224E-12EE-471E-A94B-3953AF76229A}.Release|Any CPU.Build.0 = Release|Any CPU
	EndGlobalSection
	GlobalSection(NestedProjects) = preSolution
		{C9D72630-E4E6-47C5-AD7A-963D29D68F02} = {44F6A1D1-9BFA-4BB7-A500-125495E46954}
		{249D83CA-A4AE-4505-A452-EB88A107F203} = {44F6A1D1-9BFA-4BB7-A500-125495E46954}
		{B697E19A-1419-4F90-899E-E73F23F58DE4} = {44F6A1D1-9BFA-4BB7-A500-125495E46954}
		{32A2FAC6-83EC-428E-8C88-9DE733769DB4} = {44F6A1D1-9BFA-4BB7-A500-125495E46954}
		{AE8C74B5-4421-4C97-84B5-CAC76328197B} = {287E72FB-F15D-4E49-AF00-A6A70B1ACFEE}
		{BDE8ADE9-1873-4B3C-B982-4FE905ED5713} = {287E72FB-F15D-4E49-AF00-A6A70B1ACFEE}
		{2C13224E-12EE-471E-A94B-3953AF76229A} = {287E72FB-F15D-4E49-AF00-A6A70B1ACFEE}
	EndGlobalSection
EndGlobal
